# THIS IS AN AUTOGENERATED FILE. DO NOT EDIT THIS FILE DIRECTLY.
# yarn lockfile v1


"@babel/runtime@^7.15.4", "@babel/runtime@^7.3.1", "@babel/runtime@^7.4.4", "@babel/runtime@^7.5.5", "@babel/runtime@^7.6.0", "@babel/runtime@^7.8.3", "@babel/runtime@^7.8.7", "@babel/runtime@^7.9.2":
  version "7.21.5"
  resolved "https://pkgs.dev.azure.com/UWA-DEV/_packaging/UWA-DEV/npm/registry/@babel/runtime/-/runtime-7.21.5.tgz#8492dddda9644ae3bda3b45eabe87382caee7200"
  integrity sha1-hJLd3alkSuO9o7Req+hzgsrucgA=
  dependencies:
    regenerator-runtime "^0.13.11"

"@date-io/core@1.x", "@date-io/core@^1.3.13":
  version "1.3.13"
  resolved "https://pkgs.dev.azure.com/UWA-DEV/_packaging/UWA-DEV/npm/registry/@date-io/core/-/core-1.3.13.tgz#90c71da493f20204b7a972929cc5c482d078b3fa"
  integrity sha1-kMcdpJPyAgS3qXKSnMXEgtB4s/o=

"@date-io/moment@^1.3.13":
  version "1.3.13"
  resolved "https://pkgs.dev.azure.com/UWA-DEV/_packaging/UWA-DEV/npm/registry/@date-io/moment/-/moment-1.3.13.tgz#56c2772bc4f6675fc6970257e6033e7a7c2960f0"
  integrity sha1-VsJ3K8T2Z1/GlwJX5gM+enwpYPA=
  dependencies:
    "@date-io/core" "^1.3.13"

"@emotion/hash@^0.8.0":
  version "0.8.0"
  resolved "https://pkgs.dev.azure.com/UWA-DEV/_packaging/UWA-DEV/npm/registry/@emotion/hash/-/hash-0.8.0.tgz#bbbff68978fefdbe68ccb533bc8cbe1d1afb5413"
  integrity sha1-u7/2iXj+/b5ozLUzvIy+HRr7VBM=

"@material-ui/core@^4.12.4":
  version "4.12.4"
  resolved "https://pkgs.dev.azure.com/UWA-DEV/_packaging/UWA-DEV/npm/registry/@material-ui/core/-/core-4.12.4.tgz#4ac17488e8fcaf55eb6a7f5efb2a131e10138a73"
  integrity sha1-SsF0iOj8r1Xran9e+yoTHhATinM=
  dependencies:
    "@babel/runtime" "^7.4.4"
    "@material-ui/styles" "^4.11.5"
    "@material-ui/system" "^4.12.2"
    "@material-ui/types" "5.1.0"
    "@material-ui/utils" "^4.11.3"
    "@types/react-transition-group" "^4.2.0"
    clsx "^1.0.4"
    hoist-non-react-statics "^3.3.2"
    popper.js "1.16.1-lts"
    prop-types "^15.7.2"
    react-is "^16.8.0 || ^17.0.0"
    react-transition-group "^4.4.0"

"@material-ui/icons@^4.11.3":
  version "4.11.3"
  resolved "https://pkgs.dev.azure.com/UWA-DEV/_packaging/UWA-DEV/npm/registry/@material-ui/icons/-/icons-4.11.3.tgz#b0693709f9b161ce9ccde276a770d968484ecff1"
  integrity sha1-sGk3CfmxYc6czeJ2p3DZaEhOz/E=
  dependencies:
    "@babel/runtime" "^7.4.4"

"@material-ui/lab@^4.0.0-alpha.61":
  version "4.0.0-alpha.61"
  resolved "https://pkgs.dev.azure.com/UWA-DEV/_packaging/UWA-DEV/npm/registry/@material-ui/lab/-/lab-4.0.0-alpha.61.tgz#9bf8eb389c0c26c15e40933cc114d4ad85e3d978"
  integrity sha1-m/jrOJwMJsFeQJM8wRTUrYXj2Xg=
  dependencies:
    "@babel/runtime" "^7.4.4"
    "@material-ui/utils" "^4.11.3"
    clsx "^1.0.4"
    prop-types "^15.7.2"
    react-is "^16.8.0 || ^17.0.0"

"@material-ui/pickers@^3.3.10":
  version "3.3.10"
  resolved "https://pkgs.dev.azure.com/UWA-DEV/_packaging/UWA-DEV/npm/registry/@material-ui/pickers/-/pickers-3.3.10.tgz#f1b0f963348cc191645ef0bdeff7a67c6aa25485"
  integrity sha1-8bD5YzSMwZFkXvC97/emfGqiVIU=
  dependencies:
    "@babel/runtime" "^7.6.0"
    "@date-io/core" "1.x"
    "@types/styled-jsx" "^2.2.8"
    clsx "^1.0.2"
    react-transition-group "^4.0.0"
    rifm "^0.7.0"

"@material-ui/styles@^4.11.5":
  version "4.11.5"
  resolved "https://pkgs.dev.azure.com/UWA-DEV/_packaging/UWA-DEV/npm/registry/@material-ui/styles/-/styles-4.11.5.tgz#19f84457df3aafd956ac863dbe156b1d88e2bbfb"
  integrity sha1-GfhEV986r9lWrIY9vhVrHYjiu/s=
  dependencies:
    "@babel/runtime" "^7.4.4"
    "@emotion/hash" "^0.8.0"
    "@material-ui/types" "5.1.0"
    "@material-ui/utils" "^4.11.3"
    clsx "^1.0.4"
    csstype "^2.5.2"
    hoist-non-react-statics "^3.3.2"
    jss "^10.5.1"
    jss-plugin-camel-case "^10.5.1"
    jss-plugin-default-unit "^10.5.1"
    jss-plugin-global "^10.5.1"
    jss-plugin-nested "^10.5.1"
    jss-plugin-props-sort "^10.5.1"
    jss-plugin-rule-value-function "^10.5.1"
    jss-plugin-vendor-prefixer "^10.5.1"
    prop-types "^15.7.2"

"@material-ui/system@^4.12.2":
  version "4.12.2"
  resolved "https://pkgs.dev.azure.com/UWA-DEV/_packaging/UWA-DEV/npm/registry/@material-ui/system/-/system-4.12.2.tgz#f5c389adf3fce4146edd489bf4082d461d86aa8b"
  integrity sha1-9cOJrfP85BRu3Uib9AgtRh2Gqos=
  dependencies:
    "@babel/runtime" "^7.4.4"
    "@material-ui/utils" "^4.11.3"
    csstype "^2.5.2"
    prop-types "^15.7.2"

"@material-ui/types@5.1.0":
  version "5.1.0"
  resolved "https://pkgs.dev.azure.com/UWA-DEV/_packaging/UWA-DEV/npm/registry/@material-ui/types/-/types-5.1.0.tgz#efa1c7a0b0eaa4c7c87ac0390445f0f88b0d88f2"
  integrity sha1-76HHoLDqpMfIesA5BEXw+IsNiPI=

"@material-ui/utils@^4.11.3":
  version "4.11.3"
  resolved "https://pkgs.dev.azure.com/UWA-DEV/_packaging/UWA-DEV/npm/registry/@material-ui/utils/-/utils-4.11.3.tgz#232bd86c4ea81dab714f21edad70b7fdf0253942"
  integrity sha1-IyvYbE6oHatxTyHtrXC3/fAlOUI=
  dependencies:
    "@babel/runtime" "^7.4.4"
    prop-types "^15.7.2"
    react-is "^16.8.0 || ^17.0.0"

"@react-awesome-query-builder/core@^6.2.0":
  version "6.2.0"
  resolved "https://pkgs.dev.azure.com/UWA-DEV/_packaging/UWA-DEV/npm/registry/@react-awesome-query-builder/core/-/core-6.2.0.tgz#918efe3bf3fb7493569989404b69e03099ef079b"
  integrity sha1-kY7+O/P7dJNWmYlAS2ngMJnvB5s=
  dependencies:
    clone "^2.1.2"
    immutable "^3.8.2"
    lodash "^4.17.21"
    moment "^2.29.4"
    spel2js "^0.2.8"
    sqlstring "^2.3.3"

"@react-awesome-query-builder/material@^6.2.0":
  version "6.2.0"
  resolved "https://pkgs.dev.azure.com/UWA-DEV/_packaging/UWA-DEV/npm/registry/@react-awesome-query-builder/material/-/material-6.2.0.tgz#7c709b7ed0436a7d1ae4fc88400162435d00272a"
  integrity sha1-fHCbftBDan0a5PyIQAFiQ10AJyo=
  dependencies:
    "@date-io/core" "^1.3.13"
    "@date-io/moment" "^1.3.13"
    "@react-awesome-query-builder/ui" "^6.2.0"
    lodash "^4.17.21"
    material-ui-confirm "^2.1.3"

"@react-awesome-query-builder/ui@^6.2.0":
  version "6.2.0"
  resolved "https://pkgs.dev.azure.com/UWA-DEV/_packaging/UWA-DEV/npm/registry/@react-awesome-query-builder/ui/-/ui-6.2.0.tgz#3f4e5a628740d0285577ed3702a83d3a21f09891"
  integrity sha1-P05aYodA0ChVd+03Aqg9OiHwmJE=
  dependencies:
    "@react-awesome-query-builder/core" "^6.2.0"
    classnames "^2.3.1"
    lodash "^4.17.21"
    prop-types "^15.7.2"
    react-redux "^7.2.2"
    redux "^4.2.0"

"@types/hoist-non-react-statics@^3.3.0":
  version "3.3.1"
  resolved "https://pkgs.dev.azure.com/UWA-DEV/_packaging/UWA-DEV/npm/registry/@types/hoist-non-react-statics/-/hoist-non-react-statics-3.3.1.tgz#1124aafe5118cb591977aeb1ceaaed1070eb039f"
  integrity sha1-ESSq/lEYy1kZd66xzqrtEHDrA58=
  dependencies:
    "@types/react" "*"
    hoist-non-react-statics "^3.3.0"

"@types/prop-types@*":
  version "15.7.5"
  resolved "https://pkgs.dev.azure.com/UWA-DEV/_packaging/UWA-DEV/npm/registry/@types/prop-types/-/prop-types-15.7.5.tgz#5f19d2b85a98e9558036f6a3cacc8819420f05cf"
  integrity sha1-XxnSuFqY6VWANvajysyIGUIPBc8=

"@types/react-redux@^7.1.20":
  version "7.1.25"
  resolved "https://pkgs.dev.azure.com/UWA-DEV/_packaging/UWA-DEV/npm/registry/@types/react-redux/-/react-redux-7.1.25.tgz#de841631205b24f9dfb4967dd4a7901e048f9a88"
  integrity sha1-3oQWMSBbJPnftJZ91KeQHgSPmog=
  dependencies:
    "@types/hoist-non-react-statics" "^3.3.0"
    "@types/react" "*"
    hoist-non-react-statics "^3.3.0"
    redux "^4.0.0"

"@types/react-transition-group@^4.2.0":
  version "4.4.6"
  resolved "https://pkgs.dev.azure.com/UWA-DEV/_packaging/UWA-DEV/npm/registry/@types/react-transition-group/-/react-transition-group-4.4.6.tgz#18187bcda5281f8e10dfc48f0943e2fdf4f75e2e"
  integrity sha1-GBh7zaUoH44Q38SPCUPi/fT3Xi4=
  dependencies:
    "@types/react" "*"

"@types/react@*":
  version "18.2.6"
  resolved "https://pkgs.dev.azure.com/UWA-DEV/_packaging/UWA-DEV/npm/registry/@types/react/-/react-18.2.6.tgz#5cd53ee0d30ffc193b159d3516c8c8ad2f19d571"
  integrity sha1-XNU+4NMP/Bk7FZ01FsjIrS8Z1XE=
  dependencies:
    "@types/prop-types" "*"
    "@types/scheduler" "*"
    csstype "^3.0.2"

"@types/scheduler@*":
  version "0.16.3"
  resolved "https://pkgs.dev.azure.com/UWA-DEV/_packaging/UWA-DEV/npm/registry/@types/scheduler/-/scheduler-0.16.3.tgz#cef09e3ec9af1d63d2a6cc5b383a737e24e6dcf5"
  integrity sha1-zvCePsmvHWPSpsxbODpzfiTm3PU=

"@types/styled-jsx@^2.2.8":
  version "2.2.9"
  resolved "https://pkgs.dev.azure.com/UWA-DEV/_packaging/UWA-DEV/npm/registry/@types/styled-jsx/-/styled-jsx-2.2.9.tgz#e50b3f868c055bcbf9bc353eca6c10fdad32a53f"
  integrity sha1-5Qs/howFW8v5vDU+ymwQ/a0ypT8=
  dependencies:
    "@types/react" "*"

adler-32@~1.3.0:
  version "1.3.1"
  resolved "https://pkgs.dev.azure.com/UWA-DEV/_packaging/UWA-DEV/npm/registry/adler-32/-/adler-32-1.3.1.tgz#1dbf0b36dda0012189a32b3679061932df1821e2"
  integrity sha1-Hb8LNt2gASGJoys2eQYZMt8YIeI=

asynckit@^0.4.0:
  version "0.4.0"
  resolved "https://pkgs.dev.azure.com/UWA-DEV/_packaging/UWA-DEV/npm/registry/asynckit/-/asynckit-0.4.0.tgz#c79ed97f7f34cb8f2ba1bc9790bcc366474b4b79"
  integrity sha1-x57Zf380y48robyXkLzDZkdLS3k=

axios@^1.4.0:
  version "1.4.0"
  resolved "https://pkgs.dev.azure.com/UWA-DEV/_packaging/UWA-DEV/npm/registry/axios/-/axios-1.4.0.tgz#38a7bf1224cd308de271146038b551d725f0be1f"
  integrity sha1-OKe/EiTNMI3icRRgOLVR1yXwvh8=
  dependencies:
    follow-redirects "^1.15.0"
    form-data "^4.0.0"
    proxy-from-env "^1.1.0"

camel-case@^4.1.2:
  version "4.1.2"
  resolved "https://pkgs.dev.azure.com/UWA-DEV/_packaging/UWA-DEV/npm/registry/camel-case/-/camel-case-4.1.2.tgz#9728072a954f805228225a6deea6b38461e1bd5a"
  integrity sha1-lygHKpVPgFIoIlpt7qazhGHhvVo=
  dependencies:
    pascal-case "^3.1.2"
    tslib "^2.0.3"

capital-case@^1.0.4:
  version "1.0.4"
  resolved "https://pkgs.dev.azure.com/UWA-DEV/_packaging/UWA-DEV/npm/registry/capital-case/-/capital-case-1.0.4.tgz#9d130292353c9249f6b00fa5852bee38a717e669"
  integrity sha1-nRMCkjU8kkn2sA+lhSvuOKcX5mk=
  dependencies:
    no-case "^3.0.4"
    tslib "^2.0.3"
    upper-case-first "^2.0.2"

cfb@~1.2.1:
  version "1.2.2"
  resolved "https://pkgs.dev.azure.com/UWA-DEV/_packaging/UWA-DEV/npm/registry/cfb/-/cfb-1.2.2.tgz#94e687628c700e5155436dac05f74e08df23bc44"
  integrity sha1-lOaHYoxwDlFVQ22sBfdOCN8jvEQ=
  dependencies:
    adler-32 "~1.3.0"
    crc-32 "~1.2.0"

change-case@^4.1.2:
  version "4.1.2"
  resolved "https://pkgs.dev.azure.com/UWA-DEV/_packaging/UWA-DEV/npm/registry/change-case/-/change-case-4.1.2.tgz#fedfc5f136045e2398c0410ee441f95704641e12"
  integrity sha1-/t/F8TYEXiOYwEEO5EH5VwRkHhI=
  dependencies:
    camel-case "^4.1.2"
    capital-case "^1.0.4"
    constant-case "^3.0.4"
    dot-case "^3.0.4"
    header-case "^2.0.4"
    no-case "^3.0.4"
    param-case "^3.0.4"
    pascal-case "^3.1.2"
    path-case "^3.0.4"
    sentence-case "^3.0.4"
    snake-case "^3.0.4"
    tslib "^2.0.3"

classnames@^2.3.1:
  version "2.3.2"
  resolved "https://pkgs.dev.azure.com/UWA-DEV/_packaging/UWA-DEV/npm/registry/classnames/-/classnames-2.3.2.tgz#351d813bf0137fcc6a76a16b88208d2560a0d924"
  integrity sha1-NR2BO/ATf8xqdqFriCCNJWCg2SQ=

clone@^2.1.2:
  version "2.1.2"
  resolved "https://pkgs.dev.azure.com/UWA-DEV/_packaging/UWA-DEV/npm/registry/clone/-/clone-2.1.2.tgz#1b7f4b9f591f1e8f83670401600345a02887435f"
  integrity sha1-G39Ln1kfHo+DZwQBYANFoCiHQ18=

clsx@^1.0.2, clsx@^1.0.4:
  version "1.2.1"
  resolved "https://pkgs.dev.azure.com/UWA-DEV/_packaging/UWA-DEV/npm/registry/clsx/-/clsx-1.2.1.tgz#0ddc4a20a549b59c93a4116bb26f5294ca17dc12"
  integrity sha1-DdxKIKVJtZyTpBFrsm9SlMoX3BI=

codepage@~1.15.0:
  version "1.15.0"
  resolved "https://pkgs.dev.azure.com/UWA-DEV/_packaging/UWA-DEV/npm/registry/codepage/-/codepage-1.15.0.tgz#2e00519024b39424ec66eeb3ec07227e692618ab"
  integrity sha1-LgBRkCSzlCTsZu6z7AcifmkmGKs=

combined-stream@^1.0.8:
  version "1.0.8"
  resolved "https://pkgs.dev.azure.com/UWA-DEV/_packaging/UWA-DEV/npm/registry/combined-stream/-/combined-stream-1.0.8.tgz#c3d45a8b34fd730631a110a8a2520682b31d5a7f"
  integrity sha1-w9RaizT9cwYxoRCoolIGgrMdWn8=
  dependencies:
    delayed-stream "~1.0.0"

constant-case@^3.0.4:
  version "3.0.4"
  resolved "https://pkgs.dev.azure.com/UWA-DEV/_packaging/UWA-DEV/npm/registry/constant-case/-/constant-case-3.0.4.tgz#3b84a9aeaf4cf31ec45e6bf5de91bdfb0589faf1"
  integrity sha1-O4Sprq9M8x7EXmv13pG9+wWJ+vE=
  dependencies:
    no-case "^3.0.4"
    tslib "^2.0.3"
    upper-case "^2.0.2"

crc-32@~1.2.0, crc-32@~1.2.1:
  version "1.2.2"
  resolved "https://pkgs.dev.azure.com/UWA-DEV/_packaging/UWA-DEV/npm/registry/crc-32/-/crc-32-1.2.2.tgz#3cad35a934b8bf71f25ca524b6da51fb7eace2ff"
  integrity sha1-PK01qTS4v3HyXKUkttpR+36s4v8=

css-vendor@^2.0.8:
  version "2.0.8"
  resolved "https://pkgs.dev.azure.com/UWA-DEV/_packaging/UWA-DEV/npm/registry/css-vendor/-/css-vendor-2.0.8.tgz#e47f91d3bd3117d49180a3c935e62e3d9f7f449d"
  integrity sha1-5H+R070xF9SRgKPJNeYuPZ9/RJ0=
  dependencies:
    "@babel/runtime" "^7.8.3"
    is-in-browser "^1.0.2"

csstype@^2.5.2:
  version "2.6.21"
  resolved "https://pkgs.dev.azure.com/UWA-DEV/_packaging/UWA-DEV/npm/registry/csstype/-/csstype-2.6.21.tgz#2efb85b7cc55c80017c66a5ad7cbd931fda3a90e"
  integrity sha1-LvuFt8xVyAAXxmpa18vZMf2jqQ4=

csstype@^3.0.2:
  version "3.1.2"
  resolved "https://pkgs.dev.azure.com/UWA-DEV/_packaging/UWA-DEV/npm/registry/csstype/-/csstype-3.1.2.tgz#1d4bf9d572f11c14031f0436e1c10bc1f571f50b"
  integrity sha1-HUv51XLxHBQDHwQ24cELwfVx9Qs=

delayed-stream@~1.0.0:
  version "1.0.0"
  resolved "https://pkgs.dev.azure.com/UWA-DEV/_packaging/UWA-DEV/npm/registry/delayed-stream/-/delayed-stream-1.0.0.tgz#df3ae199acadfb7d440aaae0b29e2272b24ec619"
  integrity sha1-3zrhmayt+31ECqrgsp4icrJOxhk=

dom-helpers@^5.0.1:
  version "5.2.1"
  resolved "https://pkgs.dev.azure.com/UWA-DEV/_packaging/UWA-DEV/npm/registry/dom-helpers/-/dom-helpers-5.2.1.tgz#d9400536b2bf8225ad98fe052e029451ac40e902"
  integrity sha1-2UAFNrK/giWtmP4FLgKUUaxA6QI=
  dependencies:
    "@babel/runtime" "^7.8.7"
    csstype "^3.0.2"

dot-case@^3.0.4:
  version "3.0.4"
  resolved "https://pkgs.dev.azure.com/UWA-DEV/_packaging/UWA-DEV/npm/registry/dot-case/-/dot-case-3.0.4.tgz#9b2b670d00a431667a8a75ba29cd1b98809ce751"
  integrity sha1-mytnDQCkMWZ6inW6Kc0bmICc51E=
  dependencies:
    no-case "^3.0.4"
    tslib "^2.0.3"

follow-redirects@^1.15.0:
  version "1.15.2"
  resolved "https://pkgs.dev.azure.com/UWA-DEV/_packaging/UWA-DEV/npm/registry/follow-redirects/-/follow-redirects-1.15.2.tgz#b460864144ba63f2681096f274c4e57026da2c13"
  integrity sha1-tGCGQUS6Y/JoEJbydMTlcCbaLBM=

form-data@^4.0.0:
  version "4.0.0"
  resolved "https://pkgs.dev.azure.com/UWA-DEV/_packaging/UWA-DEV/npm/registry/form-data/-/form-data-4.0.0.tgz#93919daeaf361ee529584b9b31664dc12c9fa452"
  integrity sha1-k5Gdrq82HuUpWEubMWZNwSyfpFI=
  dependencies:
    asynckit "^0.4.0"
    combined-stream "^1.0.8"
    mime-types "^2.1.12"

frac@~1.1.2:
  version "1.1.2"
  resolved "https://pkgs.dev.azure.com/UWA-DEV/_packaging/UWA-DEV/npm/registry/frac/-/frac-1.1.2.tgz#3d74f7f6478c88a1b5020306d747dc6313c74d0b"
  integrity sha1-PXT39keMiKG1AgMG10fcYxPHTQs=

graphql@^16.6.0:
  version "16.6.0"
  resolved "https://pkgs.dev.azure.com/UWA-DEV/_packaging/UWA-DEV/npm/registry/graphql/-/graphql-16.6.0.tgz#c2dcffa4649db149f6282af726c8c83f1c7c5fdb"
  integrity sha1-wtz/pGSdsUn2KCr3JsjIPxx8X9s=

header-case@^2.0.4:
  version "2.0.4"
  resolved "https://pkgs.dev.azure.com/UWA-DEV/_packaging/UWA-DEV/npm/registry/header-case/-/header-case-2.0.4.tgz#5a42e63b55177349cf405beb8d775acabb92c063"
  integrity sha1-WkLmO1UXc0nPQFvrjXdayruSwGM=
  dependencies:
    capital-case "^1.0.4"
    tslib "^2.0.3"

hoist-non-react-statics@^3.3.0, hoist-non-react-statics@^3.3.2:
  version "3.3.2"
  resolved "https://pkgs.dev.azure.com/UWA-DEV/_packaging/UWA-DEV/npm/registry/hoist-non-react-statics/-/hoist-non-react-statics-3.3.2.tgz#ece0acaf71d62c2969c2ec59feff42a4b1a85b45"
  integrity sha1-7OCsr3HWLClpwuxZ/v9CpLGoW0U=
  dependencies:
    react-is "^16.7.0"

hyphenate-style-name@^1.0.3:
  version "1.0.4"
  resolved "https://pkgs.dev.azure.com/UWA-DEV/_packaging/UWA-DEV/npm/registry/hyphenate-style-name/-/hyphenate-style-name-1.0.4.tgz#691879af8e220aea5750e8827db4ef62a54e361d"
  integrity sha1-aRh5r44iCupXUOiCfbTvYqVONh0=

immutable@^3.8.2:
  version "3.8.2"
  resolved "https://pkgs.dev.azure.com/UWA-DEV/_packaging/UWA-DEV/npm/registry/immutable/-/immutable-3.8.2.tgz#c2439951455bb39913daf281376f1530e104adf3"
  integrity sha1-wkOZUUVbs5kT2vKBN28VMOEErfM=

is-in-browser@^1.0.2, is-in-browser@^1.1.3:
  version "1.1.3"
  resolved "https://pkgs.dev.azure.com/UWA-DEV/_packaging/UWA-DEV/npm/registry/is-in-browser/-/is-in-browser-1.1.3.tgz#56ff4db683a078c6082eb95dad7dc62e1d04f835"
  integrity sha1-Vv9NtoOgeMYILrldrX3GLh0E+DU=

"js-tokens@^3.0.0 || ^4.0.0":
  version "4.0.0"
  resolved "https://pkgs.dev.azure.com/UWA-DEV/_packaging/UWA-DEV/npm/registry/js-tokens/-/js-tokens-4.0.0.tgz#19203fb59991df98e3a287050d4647cdeaf32499"
  integrity sha1-GSA/tZmR35jjoocFDUZHzerzJJk=

jss-plugin-camel-case@^10.5.1:
  version "10.10.0"
  resolved "https://pkgs.dev.azure.com/UWA-DEV/_packaging/UWA-DEV/npm/registry/jss-plugin-camel-case/-/jss-plugin-camel-case-10.10.0.tgz#27ea159bab67eb4837fa0260204eb7925d4daa1c"
  integrity sha1-J+oVm6tn60g3+gJgIE63kl1Nqhw=
  dependencies:
    "@babel/runtime" "^7.3.1"
    hyphenate-style-name "^1.0.3"
    jss "10.10.0"

jss-plugin-default-unit@^10.5.1:
  version "10.10.0"
  resolved "https://pkgs.dev.azure.com/UWA-DEV/_packaging/UWA-DEV/npm/registry/jss-plugin-default-unit/-/jss-plugin-default-unit-10.10.0.tgz#db3925cf6a07f8e1dd459549d9c8aadff9804293"
  integrity sha1-2zklz2oH+OHdRZVJ2ciq3/mAQpM=
  dependencies:
    "@babel/runtime" "^7.3.1"
    jss "10.10.0"

jss-plugin-global@^10.5.1:
  version "10.10.0"
  resolved "https://pkgs.dev.azure.com/UWA-DEV/_packaging/UWA-DEV/npm/registry/jss-plugin-global/-/jss-plugin-global-10.10.0.tgz#1c55d3c35821fab67a538a38918292fc9c567efd"
  integrity sha1-HFXTw1gh+rZ6U4o4kYKS/JxWfv0=
  dependencies:
    "@babel/runtime" "^7.3.1"
    jss "10.10.0"

jss-plugin-nested@^10.5.1:
  version "10.10.0"
  resolved "https://pkgs.dev.azure.com/UWA-DEV/_packaging/UWA-DEV/npm/registry/jss-plugin-nested/-/jss-plugin-nested-10.10.0.tgz#db872ed8925688806e77f1fc87f6e62264513219"
  integrity sha1-24cu2JJWiIBud/H8h/bmImRRMhk=
  dependencies:
    "@babel/runtime" "^7.3.1"
    jss "10.10.0"
    tiny-warning "^1.0.2"

jss-plugin-props-sort@^10.5.1:
  version "10.10.0"
  resolved "https://pkgs.dev.azure.com/UWA-DEV/_packaging/UWA-DEV/npm/registry/jss-plugin-props-sort/-/jss-plugin-props-sort-10.10.0.tgz#67f4dd4c70830c126f4ec49b4b37ccddb680a5d7"
  integrity sha1-Z/TdTHCDDBJvTsSbSzfM3baApdc=
  dependencies:
    "@babel/runtime" "^7.3.1"
    jss "10.10.0"

jss-plugin-rule-value-function@^10.5.1:
  version "10.10.0"
  resolved "https://pkgs.dev.azure.com/UWA-DEV/_packaging/UWA-DEV/npm/registry/jss-plugin-rule-value-function/-/jss-plugin-rule-value-function-10.10.0.tgz#7d99e3229e78a3712f78ba50ab342e881d26a24b"
  integrity sha1-fZnjIp54o3EveLpQqzQuiB0moks=
  dependencies:
    "@babel/runtime" "^7.3.1"
    jss "10.10.0"
    tiny-warning "^1.0.2"

jss-plugin-vendor-prefixer@^10.5.1:
  version "10.10.0"
  resolved "https://pkgs.dev.azure.com/UWA-DEV/_packaging/UWA-DEV/npm/registry/jss-plugin-vendor-prefixer/-/jss-plugin-vendor-prefixer-10.10.0.tgz#c01428ef5a89f2b128ec0af87a314d0c767931c7"
  integrity sha1-wBQo71qJ8rEo7Ar4ejFNDHZ5Mcc=
  dependencies:
    "@babel/runtime" "^7.3.1"
    css-vendor "^2.0.8"
    jss "10.10.0"

jss@10.10.0, jss@^10.5.1:
  version "10.10.0"
  resolved "https://pkgs.dev.azure.com/UWA-DEV/_packaging/UWA-DEV/npm/registry/jss/-/jss-10.10.0.tgz#a75cc85b0108c7ac8c7b7d296c520a3e4fbc6ccc"
  integrity sha1-p1zIWwEIx6yMe30pbFIKPk+8bMw=
  dependencies:
    "@babel/runtime" "^7.3.1"
    csstype "^3.0.2"
    is-in-browser "^1.1.3"
    tiny-warning "^1.0.2"

lodash@^4.17.21:
  version "4.17.21"
  resolved "https://pkgs.dev.azure.com/UWA-DEV/_packaging/UWA-DEV/npm/registry/lodash/-/lodash-4.17.21.tgz#679591c564c3bffaae8454cf0b3df370c3d6911c"
  integrity sha1-Z5WRxWTDv/quhFTPCz3zcMPWkRw=

loose-envify@^1.1.0, loose-envify@^1.4.0:
  version "1.4.0"
  resolved "https://pkgs.dev.azure.com/UWA-DEV/_packaging/UWA-DEV/npm/registry/loose-envify/-/loose-envify-1.4.0.tgz#71ee51fa7be4caec1a63839f7e682d8132d30caf"
  integrity sha1-ce5R+nvkyuwaY4OffmgtgTLTDK8=
  dependencies:
    js-tokens "^3.0.0 || ^4.0.0"

lower-case@^2.0.2:
  version "2.0.2"
  resolved "https://pkgs.dev.azure.com/UWA-DEV/_packaging/UWA-DEV/npm/registry/lower-case/-/lower-case-2.0.2.tgz#6fa237c63dbdc4a82ca0fd882e4722dc5e634e28"
  integrity sha1-b6I3xj29xKgsoP2ILkci3F5jTig=
  dependencies:
    tslib "^2.0.3"

material-ui-confirm@^2.1.3:
  version "2.1.4"
  resolved "https://pkgs.dev.azure.com/UWA-DEV/_packaging/UWA-DEV/npm/registry/material-ui-confirm/-/material-ui-confirm-2.1.4.tgz#2d27d7632268009a7322ffdf1652235bfb534045"
  integrity sha1-LSfXYyJoAJpzIv/fFlIjW/tTQEU=

material-ui-confirm@^3.0.9:
  version "3.0.9"
  resolved "https://pkgs.dev.azure.com/UWA-DEV/_packaging/UWA-DEV/npm/registry/material-ui-confirm/-/material-ui-confirm-3.0.9.tgz#706198ec9f08ddd0fa9afa4cb27b2f1e1cf60412"
  integrity sha1-cGGY7J8I3dD6mvpMsnsvHhz2BBI=

mime-db@1.52.0:
  version "1.52.0"
  resolved "https://pkgs.dev.azure.com/UWA-DEV/_packaging/UWA-DEV/npm/registry/mime-db/-/mime-db-1.52.0.tgz#bbabcdc02859f4987301c856e3387ce5ec43bf70"
  integrity sha1-u6vNwChZ9JhzAchW4zh85exDv3A=

mime-types@^2.1.12:
  version "2.1.35"
  resolved "https://pkgs.dev.azure.com/UWA-DEV/_packaging/UWA-DEV/npm/registry/mime-types/-/mime-types-2.1.35.tgz#381a871b62a734450660ae3deee44813f70d959a"
  integrity sha1-OBqHG2KnNEUGYK497uRIE/cNlZo=
  dependencies:
    mime-db "1.52.0"

moment@^2.29.4:
  version "2.29.4"
  resolved "https://pkgs.dev.azure.com/UWA-DEV/_packaging/UWA-DEV/npm/registry/moment/-/moment-2.29.4.tgz#3dbe052889fe7c1b2ed966fcb3a77328964ef108"
  integrity sha1-Pb4FKIn+fBsu2Wb8s6dzKJZO8Qg=

no-case@^3.0.4:
  version "3.0.4"
  resolved "https://pkgs.dev.azure.com/UWA-DEV/_packaging/UWA-DEV/npm/registry/no-case/-/no-case-3.0.4.tgz#d361fd5c9800f558551a8369fc0dcd4662b6124d"
  integrity sha1-02H9XJgA9VhVGoNp/A3NRmK2Ek0=
  dependencies:
    lower-case "^2.0.2"
    tslib "^2.0.3"

object-assign@^4.1.1:
  version "4.1.1"
  resolved "https://pkgs.dev.azure.com/UWA-DEV/_packaging/UWA-DEV/npm/registry/object-assign/-/object-assign-4.1.1.tgz#2109adc7965887cfc05cbbd442cac8bfbb360863"
  integrity sha1-IQmtx5ZYh8/AXLvUQsrIv7s2CGM=

param-case@^3.0.4:
  version "3.0.4"
  resolved "https://pkgs.dev.azure.com/UWA-DEV/_packaging/UWA-DEV/npm/registry/param-case/-/param-case-3.0.4.tgz#7d17fe4aa12bde34d4a77d91acfb6219caad01c5"
  integrity sha1-fRf+SqEr3jTUp32RrPtiGcqtAcU=
  dependencies:
    dot-case "^3.0.4"
    tslib "^2.0.3"

pascal-case@^3.1.2:
  version "3.1.2"
  resolved "https://pkgs.dev.azure.com/UWA-DEV/_packaging/UWA-DEV/npm/registry/pascal-case/-/pascal-case-3.1.2.tgz#b48e0ef2b98e205e7c1dae747d0b1508237660eb"
  integrity sha1-tI4O8rmOIF58Ha50fQsVCCN2YOs=
  dependencies:
    no-case "^3.0.4"
    tslib "^2.0.3"

path-case@^3.0.4:
  version "3.0.4"
  resolved "https://pkgs.dev.azure.com/UWA-DEV/_packaging/UWA-DEV/npm/registry/path-case/-/path-case-3.0.4.tgz#9168645334eb942658375c56f80b4c0cb5f82c6f"
  integrity sha1-kWhkUzTrlCZYN1xW+AtMDLX4LG8=
  dependencies:
    dot-case "^3.0.4"
    tslib "^2.0.3"

popper.js@1.16.1-lts:
  version "1.16.1-lts"
  resolved "https://pkgs.dev.azure.com/UWA-DEV/_packaging/UWA-DEV/npm/registry/popper.js/-/popper.js-1.16.1-lts.tgz#cf6847b807da3799d80ee3d6d2f90df8a3f50b05"
  integrity sha1-z2hHuAfaN5nYDuPW0vkN+KP1CwU=

prop-types@^15.6.2, prop-types@^15.7.2:
  version "15.8.1"
  resolved "https://pkgs.dev.azure.com/UWA-DEV/_packaging/UWA-DEV/npm/registry/prop-types/-/prop-types-15.8.1.tgz#67d87bf1a694f48435cf332c24af10214a3140b5"
  integrity sha1-Z9h78aaU9IQ1zzMsJK8QIUoxQLU=
  dependencies:
    loose-envify "^1.4.0"
    object-assign "^4.1.1"
    react-is "^16.13.1"

proxy-from-env@^1.1.0:
  version "1.1.0"
  resolved "https://pkgs.dev.azure.com/UWA-DEV/_packaging/UWA-DEV/npm/registry/proxy-from-env/-/proxy-from-env-1.1.0.tgz#e102f16ca355424865755d2c9e8ea4f24d58c3e2"
  integrity sha1-4QLxbKNVQkhldV0sno6k8k1Yw+I=

react-dom@^18.2.0:
  version "18.2.0"
  resolved "https://pkgs.dev.azure.com/UWA-DEV/_packaging/UWA-DEV/npm/registry/react-dom/-/react-dom-18.2.0.tgz#22aaf38708db2674ed9ada224ca4aa708d821e3d"
  integrity sha1-IqrzhwjbJnTtmtoiTKSqcI2CHj0=
  dependencies:
    loose-envify "^1.1.0"
    scheduler "^0.23.0"

react-is@^16.13.1, react-is@^16.7.0:
  version "16.13.1"
  resolved "https://pkgs.dev.azure.com/UWA-DEV/_packaging/UWA-DEV/npm/registry/react-is/-/react-is-16.13.1.tgz#789729a4dc36de2999dc156dd6c1d9c18cea56a4"
  integrity sha1-eJcppNw23imZ3BVt1sHZwYzqVqQ=

"react-is@^16.8.0 || ^17.0.0", react-is@^17.0.2:
  version "17.0.2"
  resolved "https://pkgs.dev.azure.com/UWA-DEV/_packaging/UWA-DEV/npm/registry/react-is/-/react-is-17.0.2.tgz#e691d4a8e9c789365655539ab372762b0efb54f0"
  integrity sha1-5pHUqOnHiTZWVVOas3J2Kw77VPA=

react-redux@^7.2.2:
  version "7.2.9"
  resolved "https://pkgs.dev.azure.com/UWA-DEV/_packaging/UWA-DEV/npm/registry/react-redux/-/react-redux-7.2.9.tgz#09488fbb9416a4efe3735b7235055442b042481d"
  integrity sha1-CUiPu5QWpO/jc1tyNQVUQrBCSB0=
  dependencies:
    "@babel/runtime" "^7.15.4"
    "@types/react-redux" "^7.1.20"
    hoist-non-react-statics "^3.3.2"
    loose-envify "^1.4.0"
    prop-types "^15.7.2"
    react-is "^17.0.2"

react-transition-group@^4.0.0, react-transition-group@^4.4.0:
  version "4.4.5"
  resolved "https://pkgs.dev.azure.com/UWA-DEV/_packaging/UWA-DEV/npm/registry/react-transition-group/-/react-transition-group-4.4.5.tgz#e53d4e3f3344da8521489fbef8f2581d42becdd1"
  integrity sha1-5T1OPzNE2oUhSJ+++PJYHUK+zdE=
  dependencies:
    "@babel/runtime" "^7.5.5"
    dom-helpers "^5.0.1"
    loose-envify "^1.4.0"
    prop-types "^15.6.2"

react@^18.2.0:
  version "18.2.0"
  resolved "https://pkgs.dev.azure.com/UWA-DEV/_packaging/UWA-DEV/npm/registry/react/-/react-18.2.0.tgz#555bd98592883255fa00de14f1151a917b5d77d5"
  integrity sha1-VVvZhZKIMlX6AN4U8RUakXtdd9U=
  dependencies:
    loose-envify "^1.1.0"

redux@^4.0.0, redux@^4.2.0:
  version "4.2.1"
  resolved "https://pkgs.dev.azure.com/UWA-DEV/_packaging/UWA-DEV/npm/registry/redux/-/redux-4.2.1.tgz#c08f4306826c49b5e9dc901dee0452ea8fce6197"
  integrity sha1-wI9DBoJsSbXp3JAd7gRS6o/OYZc=
  dependencies:
    "@babel/runtime" "^7.9.2"

regenerator-runtime@^0.13.11:
  version "0.13.11"
  resolved "https://pkgs.dev.azure.com/UWA-DEV/_packaging/UWA-DEV/npm/registry/regenerator-runtime/-/regenerator-runtime-0.13.11.tgz#f6dca3e7ceec20590d07ada785636a90cdca17f9"
  integrity sha1-9tyj587sIFkNB62nhWNqkM3KF/k=

rifm@^0.7.0:
  version "0.7.0"
  resolved "https://pkgs.dev.azure.com/UWA-DEV/_packaging/UWA-DEV/npm/registry/rifm/-/rifm-0.7.0.tgz#debe951a9c83549ca6b33e5919f716044c2230be"
  integrity sha1-3r6VGpyDVJymsz5ZGfcWBEwiML4=
  dependencies:
    "@babel/runtime" "^7.3.1"

scheduler@^0.23.0:
  version "0.23.0"
  resolved "https://pkgs.dev.azure.com/UWA-DEV/_packaging/UWA-DEV/npm/registry/scheduler/-/scheduler-0.23.0.tgz#ba8041afc3d30eb206a487b6b384002e4e61fdfe"
  integrity sha1-uoBBr8PTDrIGpIe2s4QALk5h/f4=
  dependencies:
    loose-envify "^1.1.0"

sentence-case@^3.0.4:
  version "3.0.4"
  resolved "https://pkgs.dev.azure.com/UWA-DEV/_packaging/UWA-DEV/npm/registry/sentence-case/-/sentence-case-3.0.4.tgz#3645a7b8c117c787fde8702056225bb62a45131f"
  integrity sha1-NkWnuMEXx4f96HAgViJbtipFEx8=
  dependencies:
    no-case "^3.0.4"
    tslib "^2.0.3"
    upper-case-first "^2.0.2"

snake-case@^3.0.4:
  version "3.0.4"
  resolved "https://pkgs.dev.azure.com/UWA-DEV/_packaging/UWA-DEV/npm/registry/snake-case/-/snake-case-3.0.4.tgz#4f2bbd568e9935abdfd593f34c691dadb49c452c"
  integrity sha1-Tyu9Vo6ZNavf1ZPzTGkdrbScRSw=
  dependencies:
    dot-case "^3.0.4"
    tslib "^2.0.3"

spel2js@^0.2.8:
  version "0.2.8"
  resolved "https://pkgs.dev.azure.com/UWA-DEV/_packaging/UWA-DEV/npm/registry/spel2js/-/spel2js-0.2.8.tgz#3ba3b291e5c6bae5c9f703e839294969b61fc691"
  integrity sha1-O6OykeXGuuXJ9wPoOSlJabYfxpE=

sqlstring@^2.3.3:
  version "2.3.3"
  resolved "https://pkgs.dev.azure.com/UWA-DEV/_packaging/UWA-DEV/npm/registry/sqlstring/-/sqlstring-2.3.3.tgz#2ddc21f03bce2c387ed60680e739922c65751d0c"
  integrity sha1-Ldwh8DvOLDh+1gaA5zmSLGV1HQw=

ssf@~0.11.2:
  version "0.11.2"
  resolved "https://pkgs.dev.azure.com/UWA-DEV/_packaging/UWA-DEV/npm/registry/ssf/-/ssf-0.11.2.tgz#0b99698b237548d088fc43cdf2b70c1a7512c06c"
  integrity sha1-C5lpiyN1SNCI/EPN8rcMGnUSwGw=
  dependencies:
    frac "~1.1.2"

tiny-warning@^1.0.2:
  version "1.0.3"
  resolved "https://pkgs.dev.azure.com/UWA-DEV/_packaging/UWA-DEV/npm/registry/tiny-warning/-/tiny-warning-1.0.3.tgz#94a30db453df4c643d0fd566060d60a875d84754"
  integrity sha1-lKMNtFPfTGQ9D9VmBg1gqHXYR1Q=

tslib@^2.0.3:
  version "2.5.2"
  resolved "https://pkgs.dev.azure.com/UWA-DEV/_packaging/UWA-DEV/npm/registry/tslib/-/tslib-2.5.2.tgz#1b6f07185c881557b0ffa84b111a0106989e8338"
  integrity sha1-G28HGFyIFVew/6hLERoBBpiegzg=

upper-case-first@^2.0.2:
  version "2.0.2"
  resolved "https://pkgs.dev.azure.com/UWA-DEV/_packaging/UWA-DEV/npm/registry/upper-case-first/-/upper-case-first-2.0.2.tgz#992c3273f882abd19d1e02894cc147117f844324"
  integrity sha1-mSwyc/iCq9GdHgKJTMFHEX+EQyQ=
  dependencies:
    tslib "^2.0.3"

upper-case@^2.0.2:
  version "2.0.2"
  resolved "https://pkgs.dev.azure.com/UWA-DEV/_packaging/UWA-DEV/npm/registry/upper-case/-/upper-case-2.0.2.tgz#d89810823faab1df1549b7d97a76f8662bae6f7a"
  integrity sha1-2JgQgj+qsd8VSbfZenb4Ziuub3o=
  dependencies:
    tslib "^2.0.3"

wmf@~1.0.1:
  version "1.0.2"
  resolved "https://pkgs.dev.azure.com/UWA-DEV/_packaging/UWA-DEV/npm/registry/wmf/-/wmf-1.0.2.tgz#7d19d621071a08c2bdc6b7e688a9c435298cc2da"
  integrity sha1-fRnWIQcaCMK9xrfmiKnENSmMwto=

word@~0.3.0:
  version "0.3.0"
  resolved "https://pkgs.dev.azure.com/UWA-DEV/_packaging/UWA-DEV/npm/registry/word/-/word-0.3.0.tgz#8542157e4f8e849f4a363a288992d47612db9961"
  integrity sha1-hUIVfk+OhJ9KNjooiZLUdhLbmWE=

xlsx@^0.18.5:
  version "0.18.5"
  resolved "https://pkgs.dev.azure.com/UWA-DEV/_packaging/UWA-DEV/npm/registry/xlsx/-/xlsx-0.18.5.tgz#16711b9113c848076b8a177022799ad356eba7d0"
  integrity sha1-FnEbkRPISAdrihdwInma01brp9A=
  dependencies:
    adler-32 "~1.3.0"
    cfb "~1.2.1"
    codepage "~1.15.0"
    crc-32 "~1.2.1"
    ssf "~0.11.2"
    wmf "~1.0.1"
    word "~0.3.0"
